
Microsoft Visual Studio Solution File, Format Version 12.00
# Visual Studio 2012
Project("{FAE04EC0-301F-11D3-BF4B-00C04F79EFBC}") = "Swipe.Xamarin.Forms.Controls", "Swipe.Xamarin.Forms.Controls.csproj", "{3DEEF409-4B45-44E3-B9AC-662AD9859390}"
EndProject
Project("{FAE04EC0-301F-11D3-BF4B-00C04F79EFBC}") = "Swipe.Xamarin.Forms.Controls.iOS", "iOS\Swipe.Xamarin.Forms.Controls.iOS.csproj", "{D0F747A9-58BB-4DFB-BF25-C0A559FE333F}"
EndProject
Project("{FAE04EC0-301F-11D3-BF4B-00C04F79EFBC}") = "Swipe.Xamarin.Forms.Controls.Droid", "Droid\Swipe.Xamarin.Forms.Controls.Droid.csproj", "{D18FF231-4C81-4C01-A1B7-FA4B05E5C324}"
EndProject
Global
	GlobalSection(SolutionConfigurationPlatforms) = preSolution
		Debug|Any CPU = Debug|Any CPU
		Release|Any CPU = Release|Any CPU
		Debug|iPhoneSimulator = Debug|iPhoneSimulator
		Release|iPhone = Release|iPhone
		Release|iPhoneSimulator = Release|iPhoneSimulator
		Debug|iPhone = Debug|iPhone
	EndGlobalSection
	GlobalSection(ProjectConfigurationPlatforms) = postSolution
		{3DEEF409-4B45-44E3-B9AC-662AD9859390}.Debug|Any CPU.ActiveCfg = Debug|Any CPU
		{3DEEF409-4B45-44E3-B9AC-662AD9859390}.Debug|Any CPU.Build.0 = Debug|Any CPU
		{3DEEF409-4B45-44E3-B9AC-662AD9859390}.Release|Any CPU.ActiveCfg = Release|Any CPU
		{3DEEF409-4B45-44E3-B9AC-662AD9859390}.Release|Any CPU.Build.0 = Release|Any CPU
		{3DEEF409-4B45-44E3-B9AC-662AD9859390}.Debug|iPhoneSimulator.ActiveCfg = Debug|Any CPU
		{3DEEF409-4B45-44E3-B9AC-662AD9859390}.Debug|iPhoneSimulator.Build.0 = Debug|Any CPU
		{3DEEF409-4B45-44E3-B9AC-662AD9859390}.Release|iPhone.ActiveCfg = Release|Any CPU
		{3DEEF409-4B45-44E3-B9AC-662AD9859390}.Release|iPhone.Build.0 = Release|Any CPU
		{3DEEF409-4B45-44E3-B9AC-662AD9859390}.Release|iPhoneSimulator.ActiveCfg = Release|Any CPU
		{3DEEF409-4B45-44E3-B9AC-662AD9859390}.Release|iPhoneSimulator.Build.0 = Release|Any CPU
		{3DEEF409-4B45-44E3-B9AC-662AD9859390}.Debug|iPhone.ActiveCfg = Debug|Any CPU
		{3DEEF409-4B45-44E3-B9AC-662AD9859390}.Debug|iPhone.Build.0 = Debug|Any CPU
		{D0F747A9-58BB-4DFB-BF25-C0A559FE333F}.Debug|Any CPU.ActiveCfg = Debug|iPhoneSimulator
		{D0F747A9-58BB-4DFB-BF25-C0A559FE333F}.Debug|Any CPU.Build.0 = Debug|iPhoneSimulator
		{D0F747A9-58BB-4DFB-BF25-C0A559FE333F}.Release|Any CPU.ActiveCfg = Release|iPhone
		{D0F747A9-58BB-4DFB-BF25-C0A559FE333F}.Release|Any CPU.Build.0 = Release|iPhone
		{D0F747A9-58BB-4DFB-BF25-C0A559FE333F}.Debug|iPhoneSimulator.ActiveCfg = Debug|iPhoneSimulator
		{D0F747A9-58BB-4DFB-BF25-C0A559FE333F}.Debug|iPhoneSimulator.Build.0 = Debug|iPhoneSimulator
		{D0F747A9-58BB-4DFB-BF25-C0A559FE333F}.Release|iPhone.ActiveCfg = Release|iPhone
		{D0F747A9-58BB-4DFB-BF25-C0A559FE333F}.Release|iPhone.Build.0 = Release|iPhone
		{D0F747A9-58BB-4DFB-BF25-C0A559FE333F}.Release|iPhoneSimulator.ActiveCfg = Release|iPhoneSimulator
		{D0F747A9-58BB-4DFB-BF25-C0A559FE333F}.Release|iPhoneSimulator.Build.0 = Release|iPhoneSimulator
		{D0F747A9-58BB-4DFB-BF25-C0A559FE333F}.Debug|iPhone.ActiveCfg = Debug|iPhone
		{D0F747A9-58BB-4DFB-BF25-C0A559FE333F}.Debug|iPhone.Build.0 = Debug|iPhone
		{D18FF231-4C81-4C01-A1B7-FA4B05E5C324}.Debug|Any CPU.ActiveCfg = Debug|Any CPU
		{D18FF231-4C81-4C01-A1B7-FA4B05E5C324}.Debug|Any CPU.Build.0 = Debug|Any CPU
		{D18FF231-4C81-4C01-A1B7-FA4B05E5C324}.Release|Any CPU.ActiveCfg = Release|Any CPU
		{D18FF231-4C81-4C01-A1B7-FA4B05E5C324}.Release|Any CPU.Build.0 = Release|Any CPU
		{D18FF231-4C81-4C01-A1B7-FA4B05E5C324}.Debug|iPhoneSimulator.ActiveCfg = Debug|Any CPU
		{D18FF231-4C81-4C01-A1B7-FA4B05E5C324}.Debug|iPhoneSimulator.Build.0 = Debug|Any CPU
		{D18FF231-4C81-4C01-A1B7-FA4B05E5C324}.Release|iPhone.ActiveCfg = Release|Any CPU
		{D18FF231-4C81-4C01-A1B7-FA4B05E5C324}.Release|iPhone.Build.0 = Release|Any CPU
		{D18FF231-4C81-4C01-A1B7-FA4B05E5C324}.Release|iPhoneSimulator.ActiveCfg = Release|Any CPU
		{D18FF231-4C81-4C01-A1B7-FA4B05E5C324}.Release|iPhoneSimulator.Build.0 = Release|Any CPU
		{D18FF231-4C81-4C01-A1B7-FA4B05E5C324}.Debug|iPhone.ActiveCfg = Debug|Any CPU
		{D18FF231-4C81-4C01-A1B7-FA4B05E5C324}.Debug|iPhone.Build.0 = Debug|Any CPU
	EndGlobalSection
EndGlobal
